
Microsoft Visual Studio Solution File, Format Version 12.00
# Visual Studio Version 17
VisualStudioVersion = 17.11.35222.181
MinimumVisualStudioVersion = 10.0.40219.1
Project("{FAE04EC0-301F-11D3-BF4B-00C04F79EFBC}") = "WebApplication2", "WebApplication2.csproj", "{D41588D4-A7BA-4B0F-A716-2C13CEE79664}"
EndProject
Global
	GlobalSection(SolutionConfigurationPlatforms) = preSolution
		Debug|Any CPU = Debug|Any CPU
		Release|Any CPU = Release|Any CPU
	EndGlobalSection
	GlobalSection(ProjectConfigurationPlatforms) = postSolution
		{D41588D4-A7BA-4B0F-A716-2C13CEE79664}.Debug|Any CPU.ActiveCfg = Debug|Any CPU
		{D41588D4-A7BA-4B0F-A716-2C13CEE79664}.Debug|Any CPU.Build.0 = Debug|Any CPU
		{D41588D4-A7BA-4B0F-A716-2C13CEE79664}.Release|Any CPU.ActiveCfg = Release|Any CPU
		{D41588D4-A7BA-4B0F-A716-2C13CEE79664}.Release|Any CPU.Build.0 = Release|Any CPU
	EndGlobalSection
	GlobalSection(SolutionProperties) = preSolution
		HideSolutionNode = FALSE
	EndGlobalSection
	GlobalSection(ExtensibilityGlobals) = postSolution
		SolutionGuid = {8F3BEA23-82AC-4D12-8BBF-08CD28128399}
	EndGlobalSection
EndGlobal
